
Microsoft Visual Studio Solution File, Format Version 12.00
# Visual Studio Version 16
VisualStudioVersion = 16.0.32802.440
MinimumVisualStudioVersion = 10.0.40219.1
Project("{9A19103F-16F7-4668-BE54-9A1E7A4F7556}") = "MenuApp.Core", "MenuApp.Core\MenuApp.Core.csproj", "{0BA67C9C-367D-4CF1-95AD-79C50945CCD1}"
EndProject
Project("{9A19103F-16F7-4668-BE54-9A1E7A4F7556}") = "MenuApp.Entity", "MenuApp.Entity\MenuApp.Entity.csproj", "{CA45E782-63AB-410A-A07B-85C1729722A0}"
EndProject
Project("{9A19103F-16F7-4668-BE54-9A1E7A4F7556}") = "MenuApp.Mapping", "MenuApp.Mapping\MenuApp.Mapping.csproj", "{CB36B01E-E821-468E-AE9F-D0EE7BC3A2C6}"
EndProject
Project("{9A19103F-16F7-4668-BE54-9A1E7A4F7556}") = "MenuApp.DataAccess", "MenuApp.DataAccess\MenuApp.DataAccess.csproj", "{D58F2818-7181-42FE-8CC8-2EB9D075950B}"
EndProject
Project("{9A19103F-16F7-4668-BE54-9A1E7A4F7556}") = "MenuApp.Business", "MenuApp.Business\MenuApp.Business.csproj", "{F3227B50-4014-4F8B-8706-439308E24471}"
EndProject
Project("{FAE04EC0-301F-11D3-BF4B-00C04F79EFBC}") = "MenuApp.MVC", "MenuApp.MVC\MenuApp.MVC.csproj", "{AB2360C5-0546-44D7-BB57-FCA01099E443}"
EndProject
Global
	GlobalSection(SolutionConfigurationPlatforms) = preSolution
		Debug|Any CPU = Debug|Any CPU
		Release|Any CPU = Release|Any CPU
	EndGlobalSection
	GlobalSection(ProjectConfigurationPlatforms) = postSolution
		{0BA67C9C-367D-4CF1-95AD-79C50945CCD1}.Debug|Any CPU.ActiveCfg = Debug|Any CPU
		{0BA67C9C-367D-4CF1-95AD-79C50945CCD1}.Debug|Any CPU.Build.0 = Debug|Any CPU
		{0BA67C9C-367D-4CF1-95AD-79C50945CCD1}.Release|Any CPU.ActiveCfg = Release|Any CPU
		{0BA67C9C-367D-4CF1-95AD-79C50945CCD1}.Release|Any CPU.Build.0 = Release|Any CPU
		{CA45E782-63AB-410A-A07B-85C1729722A0}.Debug|Any CPU.ActiveCfg = Debug|Any CPU
		{CA45E782-63AB-410A-A07B-85C1729722A0}.Debug|Any CPU.Build.0 = Debug|Any CPU
		{CA45E782-63AB-410A-A07B-85C1729722A0}.Release|Any CPU.ActiveCfg = Release|Any CPU
		{CA45E782-63AB-410A-A07B-85C1729722A0}.Release|Any CPU.Build.0 = Release|Any CPU
		{CB36B01E-E821-468E-AE9F-D0EE7BC3A2C6}.Debug|Any CPU.ActiveCfg = Debug|Any CPU
		{CB36B01E-E821-468E-AE9F-D0EE7BC3A2C6}.Debug|Any CPU.Build.0 = Debug|Any CPU
		{CB36B01E-E821-468E-AE9F-D0EE7BC3A2C6}.Release|Any CPU.ActiveCfg = Release|Any CPU
		{CB36B01E-E821-468E-AE9F-D0EE7BC3A2C6}.Release|Any CPU.Build.0 = Release|Any CPU
		{D58F2818-7181-42FE-8CC8-2EB9D075950B}.Debug|Any CPU.ActiveCfg = Debug|Any CPU
		{D58F2818-7181-42FE-8CC8-2EB9D075950B}.Debug|Any CPU.Build.0 = Debug|Any CPU
		{D58F2818-7181-42FE-8CC8-2EB9D075950B}.Release|Any CPU.ActiveCfg = Release|Any CPU
		{D58F2818-7181-42FE-8CC8-2EB9D075950B}.Release|Any CPU.Build.0 = Release|Any CPU
		{F3227B50-4014-4F8B-8706-439308E24471}.Debug|Any CPU.ActiveCfg = Debug|Any CPU
		{F3227B50-4014-4F8B-8706-439308E24471}.Debug|Any CPU.Build.0 = Debug|Any CPU
		{F3227B50-4014-4F8B-8706-439308E24471}.Release|Any CPU.ActiveCfg = Release|Any CPU
		{F3227B50-4014-4F8B-8706-439308E24471}.Release|Any CPU.Build.0 = Release|Any CPU
		{AB2360C5-0546-44D7-BB57-FCA01099E443}.Debug|Any CPU.ActiveCfg = Debug|Any CPU
		{AB2360C5-0546-44D7-BB57-FCA01099E443}.Debug|Any CPU.Build.0 = Debug|Any CPU
		{AB2360C5-0546-44D7-BB57-FCA01099E443}.Release|Any CPU.ActiveCfg = Release|Any CPU
		{AB2360C5-0546-44D7-BB57-FCA01099E443}.Release|Any CPU.Build.0 = Release|Any CPU
	EndGlobalSection
	GlobalSection(SolutionProperties) = preSolution
		HideSolutionNode = FALSE
	EndGlobalSection
	GlobalSection(ExtensibilityGlobals) = postSolution
		SolutionGuid = {8F851B0D-EA69-4ECE-966F-6383E3302BC3}
	EndGlobalSection
EndGlobal
